
Microsoft Visual Studio Solution File, Format Version 12.00
# Visual Studio Version 17
VisualStudioVersion = 17.3.32825.248
MinimumVisualStudioVersion = 10.0.40219.1
Project("{9A19103F-16F7-4668-BE54-9A1E7A4F7556}") = "Generator_Faktur", "Generator_Faktur\Generator_Faktur.csproj", "{AE1C4D85-F5CB-46D0-94BE-B8FE63FF8C86}"
EndProject
Project("{9A19103F-16F7-4668-BE54-9A1E7A4F7556}") = "Generator_Faktur.Application", "Application\Generator_Faktur.Application.csproj", "{0CCFCDBB-B536-4E37-8A7B-7B35818F5B4E}"
EndProject
Project("{FAE04EC0-301F-11D3-BF4B-00C04F79EFBC}") = "Generator_Faktur.Core", "Generator_Faktur.Core\Generator_Faktur.Core.csproj", "{4FC544C1-6E70-45CB-B7E9-224C785452AB}"
EndProject
Global
	GlobalSection(SolutionConfigurationPlatforms) = preSolution
		Debug|Any CPU = Debug|Any CPU
		Release|Any CPU = Release|Any CPU
	EndGlobalSection
	GlobalSection(ProjectConfigurationPlatforms) = postSolution
		{AE1C4D85-F5CB-46D0-94BE-B8FE63FF8C86}.Debug|Any CPU.ActiveCfg = Debug|Any CPU
		{AE1C4D85-F5CB-46D0-94BE-B8FE63FF8C86}.Debug|Any CPU.Build.0 = Debug|Any CPU
		{AE1C4D85-F5CB-46D0-94BE-B8FE63FF8C86}.Release|Any CPU.ActiveCfg = Release|Any CPU
		{AE1C4D85-F5CB-46D0-94BE-B8FE63FF8C86}.Release|Any CPU.Build.0 = Release|Any CPU
		{0CCFCDBB-B536-4E37-8A7B-7B35818F5B4E}.Debug|Any CPU.ActiveCfg = Debug|Any CPU
		{0CCFCDBB-B536-4E37-8A7B-7B35818F5B4E}.Debug|Any CPU.Build.0 = Debug|Any CPU
		{0CCFCDBB-B536-4E37-8A7B-7B35818F5B4E}.Release|Any CPU.ActiveCfg = Release|Any CPU
		{0CCFCDBB-B536-4E37-8A7B-7B35818F5B4E}.Release|Any CPU.Build.0 = Release|Any CPU
		{4FC544C1-6E70-45CB-B7E9-224C785452AB}.Debug|Any CPU.ActiveCfg = Debug|Any CPU
		{4FC544C1-6E70-45CB-B7E9-224C785452AB}.Debug|Any CPU.Build.0 = Debug|Any CPU
		{4FC544C1-6E70-45CB-B7E9-224C785452AB}.Release|Any CPU.ActiveCfg = Release|Any CPU
		{4FC544C1-6E70-45CB-B7E9-224C785452AB}.Release|Any CPU.Build.0 = Release|Any CPU
	EndGlobalSection
	GlobalSection(SolutionProperties) = preSolution
		HideSolutionNode = FALSE
	EndGlobalSection
	GlobalSection(ExtensibilityGlobals) = postSolution
		SolutionGuid = {F79AD0A7-6023-484D-BEA4-7D82544D7993}
	EndGlobalSection
EndGlobal
